// !$*UTF8*$!
{
	archiveVersion = 1;
	classes = {
	};
	objectVersion = 56;
	objects = {

/* Begin PBXBuildFile section */
		5938B6DD2B3CE28600225E21 /* main.cpp in Sources */ = {isa = PBXBuildFile; fileRef = 5938B6DC2B3CE28600225E21 /* main.cpp */; };
		5938B6E52B3CE2AE00225E21 /* BeetleDrawing.cpp in Sources */ = {isa = PBXBuildFile; fileRef = 5938B6E32B3CE2AE00225E21 /* BeetleDrawing.cpp */; };
		5938B6E82B3CE2F500225E21 /* Beetle.cpp in Sources */ = {isa = PBXBuildFile; fileRef = 5938B6E62B3CE2F500225E21 /* Beetle.cpp */; };
		5938B6EB2B3CE6D900225E21 /* Die.cpp in Sources */ = {isa = PBXBuildFile; fileRef = 5938B6EA2B3CE6D900225E21 /* Die.cpp */; };
		5938B6EE2B3CE8CA00225E21 /* BeetleGame.cpp in Sources */ = {isa = PBXBuildFile; fileRef = 5938B6ED2B3CE8CA00225E21 /* BeetleGame.cpp */; };
/* End PBXBuildFile section */

/* Begin PBXCopyFilesBuildPhase section */
		5938B6D72B3CE28600225E21 /* CopyFiles */ = {
			isa = PBXCopyFilesBuildPhase;
			buildActionMask = 2147483647;
			dstPath = /usr/share/man/man1/;
			dstSubfolderSpec = 0;
			files = (
			);
			runOnlyForDeploymentPostprocessing = 1;
		};
/* End PBXCopyFilesBuildPhase section */

/* Begin PBXFileReference section */
		5938B6D92B3CE28600225E21 /* BeetleGame */ = {isa = PBXFileReference; explicitFileType = "compiled.mach-o.executable"; includeInIndex = 0; path = BeetleGame; sourceTree = BUILT_PRODUCTS_DIR; };
		5938B6DC2B3CE28600225E21 /* main.cpp */ = {isa = PBXFileReference; lastKnownFileType = sourcecode.cpp.cpp; path = main.cpp; sourceTree = "<group>"; };
		5938B6E32B3CE2AE00225E21 /* BeetleDrawing.cpp */ = {isa = PBXFileReference; lastKnownFileType = sourcecode.cpp.cpp; path = BeetleDrawing.cpp; sourceTree = "<group>"; };
		5938B6E42B3CE2AE00225E21 /* BeetleDrawing.h */ = {isa = PBXFileReference; lastKnownFileType = sourcecode.c.h; path = BeetleDrawing.h; sourceTree = "<group>"; };
		5938B6E62B3CE2F500225E21 /* Beetle.cpp */ = {isa = PBXFileReference; lastKnownFileType = sourcecode.cpp.cpp; path = Beetle.cpp; sourceTree = "<group>"; };
		5938B6E72B3CE2F500225E21 /* Beetle.h */ = {isa = PBXFileReference; lastKnownFileType = sourcecode.c.h; path = Beetle.h; sourceTree = "<group>"; };
		5938B6E92B3CE6D900225E21 /* Die.h */ = {isa = PBXFileReference; fileEncoding = 4; lastKnownFileType = sourcecode.c.h; path = Die.h; sourceTree = "<group>"; };
		5938B6EA2B3CE6D900225E21 /* Die.cpp */ = {isa = PBXFileReference; fileEncoding = 4; lastKnownFileType = sourcecode.cpp.cpp; path = Die.cpp; sourceTree = "<group>"; };
		5938B6EC2B3CE7F400225E21 /* BeetleGame.h */ = {isa = PBXFileReference; fileEncoding = 4; lastKnownFileType = sourcecode.c.h; path = BeetleGame.h; sourceTree = "<group>"; };
		5938B6ED2B3CE8CA00225E21 /* BeetleGame.cpp */ = {isa = PBXFileReference; lastKnownFileType = sourcecode.cpp.cpp; path = BeetleGame.cpp; sourceTree = "<group>"; };
/* End PBXFileReference section */

/* Begin PBXFrameworksBuildPhase section */
		5938B6D62B3CE28600225E21 /* Frameworks */ = {
			isa = PBXFrameworksBuildPhase;
			buildActionMask = 2147483647;
			files = (
			);
			runOnlyForDeploymentPostprocessing = 0;
		};
/* End PBXFrameworksBuildPhase section */

/* Begin PBXGroup section */
		5938B6D02B3CE28600225E21 = {
			isa = PBXGroup;
			children = (
				5938B6DB2B3CE28600225E21 /* BeetleGame */,
				5938B6DA2B3CE28600225E21 /* Products */,
			);
			sourceTree = "<group>";
		};
		5938B6DA2B3CE28600225E21 /* Products */ = {
			isa = PBXGroup;
			children = (
				5938B6D92B3CE28600225E21 /* BeetleGame */,
			);
			name = Products;
			sourceTree = "<group>";
		};
		5938B6DB2B3CE28600225E21 /* BeetleGame */ = {
			isa = PBXGroup;
			children = (
				5938B6DC2B3CE28600225E21 /* main.cpp */,
				5938B6E32B3CE2AE00225E21 /* BeetleDrawing.cpp */,
				5938B6E42B3CE2AE00225E21 /* BeetleDrawing.h */,
				5938B6E62B3CE2F500225E21 /* Beetle.cpp */,
				5938B6E72B3CE2F500225E21 /* Beetle.h */,
				5938B6EA2B3CE6D900225E21 /* Die.cpp */,
				5938B6E92B3CE6D900225E21 /* Die.h */,
				5938B6EC2B3CE7F400225E21 /* BeetleGame.h */,
				5938B6ED2B3CE8CA00225E21 /* BeetleGame.cpp */,
			);
			path = BeetleGame;
			sourceTree = "<group>";
		};
/* End PBXGroup section */

/* Begin PBXNativeTarget section */
		5938B6D82B3CE28600225E21 /* BeetleGame */ = {
			isa = PBXNativeTarget;
			buildConfigurationList = 5938B6E02B3CE28600225E21 /* Build configuration list for PBXNativeTarget "BeetleGame" */;
			buildPhases = (
				5938B6D52B3CE28600225E21 /* Sources */,
				5938B6D62B3CE28600225E21 /* Frameworks */,
				5938B6D72B3CE28600225E21 /* CopyFiles */,
			);
			buildRules = (
			);
			dependencies = (
			);
			name = BeetleGame;
			productName = BeetleGame;
			productReference = 5938B6D92B3CE28600225E21 /* BeetleGame */;
			productType = "com.apple.product-type.tool";
		};
/* End PBXNativeTarget section */

/* Begin PBXProject section */
		5938B6D12B3CE28600225E21 /* Project object */ = {
			isa = PBXProject;
			attributes = {
				BuildIndependentTargetsInParallel = 1;
				LastUpgradeCheck = 1510;
				TargetAttributes = {
					5938B6D82B3CE28600225E21 = {
						CreatedOnToolsVersion = 15.1;
					};
				};
			};
			buildConfigurationList = 5938B6D42B3CE28600225E21 /* Build configuration list for PBXProject "BeetleGame" */;
			compatibilityVersion = "Xcode 14.0";
			developmentRegion = en;
			hasScannedForEncodings = 0;
			knownRegions = (
				en,
				Base,
			);
			mainGroup = 5938B6D02B3CE28600225E21;
			productRefGroup = 5938B6DA2B3CE28600225E21 /* Products */;
			projectDirPath = "";
			projectRoot = "";
			targets = (
				5938B6D82B3CE28600225E21 /* BeetleGame */,
			);
		};
/* End PBXProject section */

/* Begin PBXSourcesBuildPhase section */
		5938B6D52B3CE28600225E21 /* Sources */ = {
			isa = PBXSourcesBuildPhase;
			buildActionMask = 2147483647;
			files = (
				5938B6E82B3CE2F500225E21 /* Beetle.cpp in Sources */,
				5938B6DD2B3CE28600225E21 /* main.cpp in Sources */,
				5938B6EB2B3CE6D900225E21 /* Die.cpp in Sources */,
				5938B6E52B3CE2AE00225E21 /* BeetleDrawing.cpp in Sources */,
				5938B6EE2B3CE8CA00225E21 /* BeetleGame.cpp in Sources */,
			);
			runOnlyForDeploymentPostprocessing = 0;
		};
/* End PBXSourcesBuildPhase section */

/* Begin XCBuildConfiguration section */
		5938B6DE2B3CE28600225E21 /* Debug */ = {
			isa = XCBuildConfiguration;
			buildSettings = {
				ALWAYS_SEARCH_USER_PATHS = NO;
				ASSETCATALOG_COMPILER_GENERATE_SWIFT_ASSET_SYMBOL_EXTENSIONS = YES;
				CLANG_ANALYZER_NONNULL = YES;
				CLANG_ANALYZER_NUMBER_OBJECT_CONVERSION = YES_AGGRESSIVE;
				CLANG_CXX_LANGUAGE_STANDARD = "gnu++20";
				CLANG_ENABLE_MODULES = YES;
				CLANG_ENABLE_OBJC_ARC = YES;
				CLANG_ENABLE_OBJC_WEAK = YES;
				CLANG_WARN_BLOCK_CAPTURE_AUTORELEASING = YES;
				CLANG_WARN_BOOL_CONVERSION = YES;
				CLANG_WARN_COMMA = YES;
				CLANG_WARN_CONSTANT_CONVERSION = YES;
				CLANG_WARN_DEPRECATED_OBJC_IMPLEMENTATIONS = YES;
				CLANG_WARN_DIRECT_OBJC_ISA_USAGE = YES_ERROR;
				CLANG_WARN_DOCUMENTATION_COMMENTS = YES;
				CLANG_WARN_EMPTY_BODY = YES;
				CLANG_WARN_ENUM_CONVERSION = YES;
				CLANG_WARN_INFINITE_RECURSION = YES;
				CLANG_WARN_INT_CONVERSION = YES;
				CLANG_WARN_NON_LITERAL_NULL_CONVERSION = YES;
				CLANG_WARN_OBJC_IMPLICIT_RETAIN_SELF = YES;
				CLANG_WARN_OBJC_LITERAL_CONVERSION = YES;
				CLANG_WARN_OBJC_ROOT_CLASS = YES_ERROR;
				CLANG_WARN_QUOTED_INCLUDE_IN_FRAMEWORK_HEADER = YES;
				CLANG_WARN_RANGE_LOOP_ANALYSIS = YES;
				CLANG_WARN_STRICT_PROTOTYPES = YES;
				CLANG_WARN_SUSPICIOUS_MOVE = YES;
				CLANG_WARN_UNGUARDED_AVAILABILITY = YES_AGGRESSIVE;
				CLANG_WARN_UNREACHABLE_CODE = YES;
				CLANG_WARN__DUPLICATE_METHOD_MATCH = YES;
				COPY_PHASE_STRIP = NO;
				DEBUG_INFORMATION_FORMAT = dwarf;
				ENABLE_STRICT_OBJC_MSGSEND = YES;
				ENABLE_TESTABILITY = YES;
				ENABLE_USER_SCRIPT_SANDBOXING = YES;
				GCC_C_LANGUAGE_STANDARD = gnu17;
				GCC_DYNAMIC_NO_PIC = NO;
				GCC_NO_COMMON_BLOCKS = YES;
				GCC_OPTIMIZATION_LEVEL = 0;
				GCC_PREPROCESSOR_DEFINITIONS = (
					"DEBUG=1",
					"$(inherited)",
				);
				GCC_WARN_64_TO_32_BIT_CONVERSION = YES;
				GCC_WARN_ABOUT_RETURN_TYPE = YES_ERROR;
				GCC_WARN_UNDECLARED_SELECTOR = YES;
				GCC_WARN_UNINITIALIZED_AUTOS = YES_AGGRESSIVE;
				GCC_WARN_UNUSED_FUNCTION = YES;
				GCC_WARN_UNUSED_VARIABLE = YES;
				LOCALIZATION_PREFERS_STRING_CATALOGS = YES;
				MACOSX_DEPLOYMENT_TARGET = 14.2;
				MTL_ENABLE_DEBUG_INFO = INCLUDE_SOURCE;
				MTL_FAST_MATH = YES;
				ONLY_ACTIVE_ARCH = YES;
				SDKROOT = macosx;
			};
			name = Debug;
		};
		5938B6DF2B3CE28600225E21 /* Release */ = {
			isa = XCBuildConfiguration;
			buildSettings = {
				ALWAYS_SEARCH_USER_PATHS = NO;
				ASSETCATALOG_COMPILER_GENERATE_SWIFT_ASSET_SYMBOL_EXTENSIONS = YES;
				CLANG_ANALYZER_NONNULL = YES;
				CLANG_ANALYZER_NUMBER_OBJECT_CONVERSION = YES_AGGRESSIVE;
				CLANG_CXX_LANGUAGE_STANDARD = "gnu++20";
				CLANG_ENABLE_MODULES = YES;
				CLANG_ENABLE_OBJC_ARC = YES;
				CLANG_ENABLE_OBJC_WEAK = YES;
				CLANG_WARN_BLOCK_CAPTURE_AUTORELEASING = YES;
				CLANG_WARN_BOOL_CONVERSION = YES;
				CLANG_WARN_COMMA = YES;
				CLANG_WARN_CONSTANT_CONVERSION = YES;
				CLANG_WARN_DEPRECATED_OBJC_IMPLEMENTATIONS = YES;
				CLANG_WARN_DIRECT_OBJC_ISA_USAGE = YES_ERROR;
				CLANG_WARN_DOCUMENTATION_COMMENTS = YES;
				CLANG_WARN_EMPTY_BODY = YES;
				CLANG_WARN_ENUM_CONVERSION = YES;
				CLANG_WARN_INFINITE_RECURSION = YES;
				CLANG_WARN_INT_CONVERSION = YES;
				CLANG_WARN_NON_LITERAL_NULL_CONVERSION = YES;
				CLANG_WARN_OBJC_IMPLICIT_RETAIN_SELF = YES;
				CLANG_WARN_OBJC_LITERAL_CONVERSION = YES;
				CLANG_WARN_OBJC_ROOT_CLASS = YES_ERROR;
				CLANG_WARN_QUOTED_INCLUDE_IN_FRAMEWORK_HEADER = YES;
				CLANG_WARN_RANGE_LOOP_ANALYSIS = YES;
				CLANG_WARN_STRICT_PROTOTYPES = YES;
				CLANG_WARN_SUSPICIOUS_MOVE = YES;
				CLANG_WARN_UNGUARDED_AVAILABILITY = YES_AGGRESSIVE;
				CLANG_WARN_UNREACHABLE_CODE = YES;
				CLANG_WARN__DUPLICATE_METHOD_MATCH = YES;
				COPY_PHASE_STRIP = NO;
				DEBUG_INFORMATION_FORMAT = "dwarf-with-dsym";
				ENABLE_NS_ASSERTIONS = NO;
				ENABLE_STRICT_OBJC_MSGSEND = YES;
				ENABLE_USER_SCRIPT_SANDBOXING = YES;
				GCC_C_LANGUAGE_STANDARD = gnu17;
				GCC_NO_COMMON_BLOCKS = YES;
				GCC_WARN_64_TO_32_BIT_CONVERSION = YES;
				GCC_WARN_ABOUT_RETURN_TYPE = YES_ERROR;
				GCC_WARN_UNDECLARED_SELECTOR = YES;
				GCC_WARN_UNINITIALIZED_AUTOS = YES_AGGRESSIVE;
				GCC_WARN_UNUSED_FUNCTION = YES;
				GCC_WARN_UNUSED_VARIABLE = YES;
				LOCALIZATION_PREFERS_STRING_CATALOGS = YES;
				MACOSX_DEPLOYMENT_TARGET = 14.2;
				MTL_ENABLE_DEBUG_INFO = NO;
				MTL_FAST_MATH = YES;
				SDKROOT = macosx;
			};
			name = Release;
		};
		5938B6E12B3CE28600225E21 /* Debug */ = {
			isa = XCBuildConfiguration;
			buildSettings = {
				CODE_SIGN_STYLE = Automatic;
				PRODUCT_NAME = "$(TARGET_NAME)";
			};
			name = Debug;
		};
		5938B6E22B3CE28600225E21 /* Release */ = {
			isa = XCBuildConfiguration;
			buildSettings = {
				CODE_SIGN_STYLE = Automatic;
				PRODUCT_NAME = "$(TARGET_NAME)";
			};
			name = Release;
		};
/* End XCBuildConfiguration section */

/* Begin XCConfigurationList section */
		5938B6D42B3CE28600225E21 /* Build configuration list for PBXProject "BeetleGame" */ = {
			isa = XCConfigurationList;
			buildConfigurations = (
				5938B6DE2B3CE28600225E21 /* Debug */,
				5938B6DF2B3CE28600225E21 /* Release */,
			);
			defaultConfigurationIsVisible = 0;
			defaultConfigurationName = Release;
		};
		5938B6E02B3CE28600225E21 /* Build configuration list for PBXNativeTarget "BeetleGame" */ = {
			isa = XCConfigurationList;
			buildConfigurations = (
				5938B6E12B3CE28600225E21 /* Debug */,
				5938B6E22B3CE28600225E21 /* Release */,
			);
			defaultConfigurationIsVisible = 0;
			defaultConfigurationName = Release;
		};
/* End XCConfigurationList section */
	};
	rootObject = 5938B6D12B3CE28600225E21 /* Project object */;
}
